
Microsoft Visual Studio Solution File, Format Version 12.00
# Visual Studio Version 17
VisualStudioVersion = 17.4.33122.133
MinimumVisualStudioVersion = 10.0.40219.1
Project("{8BC9CEB8-8B4A-11D0-8D11-00A0C91BC942}") = "dynamic array", "dynamic array\dynamic array.vcxproj", "{449A24A2-7381-4219-B61F-4F5D8B5AB4A2}"
EndProject
Global
	GlobalSection(SolutionConfigurationPlatforms) = preSolution
		Debug|x64 = Debug|x64
		Debug|x86 = Debug|x86
		Release|x64 = Release|x64
		Release|x86 = Release|x86
	EndGlobalSection
	GlobalSection(ProjectConfigurationPlatforms) = postSolution
		{449A24A2-7381-4219-B61F-4F5D8B5AB4A2}.Debug|x64.ActiveCfg = Debug|x64
		{449A24A2-7381-4219-B61F-4F5D8B5AB4A2}.Debug|x64.Build.0 = Debug|x64
		{449A24A2-7381-4219-B61F-4F5D8B5AB4A2}.Debug|x86.ActiveCfg = Debug|Win32
		{449A24A2-7381-4219-B61F-4F5D8B5AB4A2}.Debug|x86.Build.0 = Debug|Win32
		{449A24A2-7381-4219-B61F-4F5D8B5AB4A2}.Release|x64.ActiveCfg = Release|x64
		{449A24A2-7381-4219-B61F-4F5D8B5AB4A2}.Release|x64.Build.0 = Release|x64
		{449A24A2-7381-4219-B61F-4F5D8B5AB4A2}.Release|x86.ActiveCfg = Release|Win32
		{449A24A2-7381-4219-B61F-4F5D8B5AB4A2}.Release|x86.Build.0 = Release|Win32
	EndGlobalSection
	GlobalSection(SolutionProperties) = preSolution
		HideSolutionNode = FALSE
	EndGlobalSection
	GlobalSection(ExtensibilityGlobals) = postSolution
		SolutionGuid = {B8F0AC20-B6D1-4DA5-B253-E297E0D09100}
	EndGlobalSection
EndGlobal
